<Solution>
  <Folder Name="/src/">
    <Project Path="src/CmosCpu.Assembler/CmosCpu.Assembler.csproj" />
    <Project Path="src/CmosCpu.Bus/CmosCpu.Bus.csproj" />
    <Project Path="src/CmosCpu.Computer/CmosCpu.Computer.csproj" />
    <Project Path="src/CmosCpu.Core/CmosCpu.Core.csproj" />
    <Project Path="src/CmosCpu.Cpu/CmosCpu.Cpu.csproj" />
    <Project Path="src/CmosCpu.Devices/CmosCpu.Devices.csproj" />
    <Project Path="src/CmosCpu.Memory/CmosCpu.Memory.csproj" />
    <Project Path="src/CmosCpu.Runtime/CmosCpu.Runtime.csproj" />
    <Project Path="src/Symulator.Application/Symulator.Application.csproj" />
    <Project Path="src/Symulator.Machines.Apple1/Symulator.Machines.Apple1.csproj" />
    <Project Path="src/Symulator.Machines.Kim1/Symulator.Machines.Kim1.csproj" />
    <Project Path="src/Symulator.Machines.MinimalBlink/Symulator.Machines.MinimalBlink.csproj" />
    <Project Path="src/Symulator.Avalonia/Symulator.Avalonia.csproj" />
  </Folder>
  <Folder Name="/tests/">
    <Project Path="tests/CmosCpu.Assembler.Tests/CmosCpu.Assembler.Tests.csproj" />
    <Project Path="tests/CmosCpu.Bus.Tests/CmosCpu.Bus.Tests.csproj" />
    <Project Path="tests/CmosCpu.Computer.Tests/CmosCpu.Computer.Tests.csproj" />
    <Project Path="tests/CmosCpu.Core.Tests/CmosCpu.Core.Tests.csproj" />
    <Project Path="tests/CmosCpu.Cpu.Tests/CmosCpu.Cpu.Tests.csproj" />
    <Project Path="tests/CmosCpu.Devices.Tests/CmosCpu.Devices.Tests.csproj" />
    <Project Path="tests/CmosCpu.Memory.Tests/CmosCpu.Memory.Tests.csproj" />
    <Project Path="tests/CmosCpu.Runtime.Tests/CmosCpu.Runtime.Tests.csproj" />
    <Project Path="tests/Symulator.Application.Tests/Symulator.Application.Tests.csproj" />
    <Project Path="tests/Symulator.Machines.Apple1.Tests/Symulator.Machines.Apple1.Tests.csproj" />
    <Project Path="tests/Symulator.Machines.Kim1.Tests/Symulator.Machines.Kim1.Tests.csproj" />
    <Project Path="tests/Symulator.Machines.MinimalBlink.Tests/Symulator.Machines.MinimalBlink.Tests.csproj" />
  </Folder>
</Solution>
